// !$*UTF8*$!
{
	archiveVersion = 1;
	classes = {
	};
	objectVersion = 77;
	objects = {

/* Begin PBXBuildFile section */
		C6B7E3312E5B4818003AF681 /* SharedDomain in Frameworks */ = {isa = PBXBuildFile; productRef = C6B7E3302E5B4818003AF681 /* SharedDomain */; };
		C6B7E3342E5B484A003AF681 /* SharedData in Frameworks */ = {isa = PBXBuildFile; productRef = C6B7E3332E5B484A003AF681 /* SharedData */; };
		C6B7E3372E5B4959003AF681 /* SharedUI in Frameworks */ = {isa = PBXBuildFile; productRef = C6B7E3362E5B4959003AF681 /* SharedUI */; };
		C6B7E33A2E5B4977003AF681 /* FeatureFavorite in Frameworks */ = {isa = PBXBuildFile; productRef = C6B7E3392E5B4977003AF681 /* FeatureFavorite */; };
		C6B7E33D2E5B4A67003AF681 /* FeatureMovies in Frameworks */ = {isa = PBXBuildFile; productRef = C6B7E33C2E5B4A67003AF681 /* FeatureMovies */; };
		C6B7E3402E5B4BD5003AF681 /* FeatureOnboarding in Frameworks */ = {isa = PBXBuildFile; productRef = C6B7E33F2E5B4BD5003AF681 /* FeatureOnboarding */; };
		C6B7E3432E5B4CCE003AF681 /* FeatureSearch in Frameworks */ = {isa = PBXBuildFile; productRef = C6B7E3422E5B4CCE003AF681 /* FeatureSearch */; };
		C6B7E35D2E5B4E69003AF681 /* FeatureTVShows in Frameworks */ = {isa = PBXBuildFile; productRef = C6B7E35C2E5B4E69003AF681 /* FeatureTVShows */; };
/* End PBXBuildFile section */

/* Begin PBXContainerItemProxy section */
		C6B7E3132E5B47F9003AF681 /* PBXContainerItemProxy */ = {
			isa = PBXContainerItemProxy;
			containerPortal = C6B7E2FD2E5B47F8003AF681 /* Project object */;
			proxyType = 1;
			remoteGlobalIDString = C6B7E3042E5B47F8003AF681;
			remoteInfo = MoviesKuModular;
		};
		C6B7E31D2E5B47F9003AF681 /* PBXContainerItemProxy */ = {
			isa = PBXContainerItemProxy;
			containerPortal = C6B7E2FD2E5B47F8003AF681 /* Project object */;
			proxyType = 1;
			remoteGlobalIDString = C6B7E3042E5B47F8003AF681;
			remoteInfo = MoviesKuModular;
		};
/* End PBXContainerItemProxy section */

/* Begin PBXFileReference section */
		C6B7E3052E5B47F8003AF681 /* MoviesKuModular.app */ = {isa = PBXFileReference; explicitFileType = wrapper.application; includeInIndex = 0; path = MoviesKuModular.app; sourceTree = BUILT_PRODUCTS_DIR; };
		C6B7E3122E5B47F9003AF681 /* MoviesKuModularTests.xctest */ = {isa = PBXFileReference; explicitFileType = wrapper.cfbundle; includeInIndex = 0; path = MoviesKuModularTests.xctest; sourceTree = BUILT_PRODUCTS_DIR; };
		C6B7E31C2E5B47F9003AF681 /* MoviesKuModularUITests.xctest */ = {isa = PBXFileReference; explicitFileType = wrapper.cfbundle; includeInIndex = 0; path = MoviesKuModularUITests.xctest; sourceTree = BUILT_PRODUCTS_DIR; };
		C6B7E35E2E5B4ECA003AF681 /* Config.xcconfig */ = {isa = PBXFileReference; lastKnownFileType = text.xcconfig; path = Config.xcconfig; sourceTree = "<group>"; };
/* End PBXFileReference section */

/* Begin PBXFileSystemSynchronizedBuildFileExceptionSet section */
		C6B7E3622E5B4ED7003AF681 /* Exceptions for "MoviesKuModular" folder in "MoviesKuModular" target */ = {
			isa = PBXFileSystemSynchronizedBuildFileExceptionSet;
			membershipExceptions = (
				Info.plist,
			);
			target = C6B7E3042E5B47F8003AF681 /* MoviesKuModular */;
		};
/* End PBXFileSystemSynchronizedBuildFileExceptionSet section */

/* Begin PBXFileSystemSynchronizedRootGroup section */
		C6B7E3072E5B47F8003AF681 /* MoviesKuModular */ = {
			isa = PBXFileSystemSynchronizedRootGroup;
			exceptions = (
				C6B7E3622E5B4ED7003AF681 /* Exceptions for "MoviesKuModular" folder in "MoviesKuModular" target */,
			);
			path = MoviesKuModular;
			sourceTree = "<group>";
		};
		C6B7E3152E5B47F9003AF681 /* MoviesKuModularTests */ = {
			isa = PBXFileSystemSynchronizedRootGroup;
			path = MoviesKuModularTests;
			sourceTree = "<group>";
		};
		C6B7E31F2E5B47F9003AF681 /* MoviesKuModularUITests */ = {
			isa = PBXFileSystemSynchronizedRootGroup;
			path = MoviesKuModularUITests;
			sourceTree = "<group>";
		};
/* End PBXFileSystemSynchronizedRootGroup section */

/* Begin PBXFrameworksBuildPhase section */
		C6B7E3022E5B47F8003AF681 /* Frameworks */ = {
			isa = PBXFrameworksBuildPhase;
			buildActionMask = 2147483647;
			files = (
				C6B7E35D2E5B4E69003AF681 /* FeatureTVShows in Frameworks */,
				C6B7E3372E5B4959003AF681 /* SharedUI in Frameworks */,
				C6B7E3312E5B4818003AF681 /* SharedDomain in Frameworks */,
				C6B7E3402E5B4BD5003AF681 /* FeatureOnboarding in Frameworks */,
				C6B7E33D2E5B4A67003AF681 /* FeatureMovies in Frameworks */,
				C6B7E3342E5B484A003AF681 /* SharedData in Frameworks */,
				C6B7E33A2E5B4977003AF681 /* FeatureFavorite in Frameworks */,
				C6B7E3432E5B4CCE003AF681 /* FeatureSearch in Frameworks */,
			);
			runOnlyForDeploymentPostprocessing = 0;
		};
		C6B7E30F2E5B47F9003AF681 /* Frameworks */ = {
			isa = PBXFrameworksBuildPhase;
			buildActionMask = 2147483647;
			files = (
			);
			runOnlyForDeploymentPostprocessing = 0;
		};
		C6B7E3192E5B47F9003AF681 /* Frameworks */ = {
			isa = PBXFrameworksBuildPhase;
			buildActionMask = 2147483647;
			files = (
			);
			runOnlyForDeploymentPostprocessing = 0;
		};
/* End PBXFrameworksBuildPhase section */

/* Begin PBXGroup section */
		C6B7E2FC2E5B47F8003AF681 = {
			isa = PBXGroup;
			children = (
				C6B7E35E2E5B4ECA003AF681 /* Config.xcconfig */,
				C6B7E3072E5B47F8003AF681 /* MoviesKuModular */,
				C6B7E3152E5B47F9003AF681 /* MoviesKuModularTests */,
				C6B7E31F2E5B47F9003AF681 /* MoviesKuModularUITests */,
				C6B7E3062E5B47F8003AF681 /* Products */,
			);
			sourceTree = "<group>";
		};
		C6B7E3062E5B47F8003AF681 /* Products */ = {
			isa = PBXGroup;
			children = (
				C6B7E3052E5B47F8003AF681 /* MoviesKuModular.app */,
				C6B7E3122E5B47F9003AF681 /* MoviesKuModularTests.xctest */,
				C6B7E31C2E5B47F9003AF681 /* MoviesKuModularUITests.xctest */,
			);
			name = Products;
			sourceTree = "<group>";
		};
/* End PBXGroup section */

/* Begin PBXNativeTarget section */
		C6B7E3042E5B47F8003AF681 /* MoviesKuModular */ = {
			isa = PBXNativeTarget;
			buildConfigurationList = C6B7E3262E5B47F9003AF681 /* Build configuration list for PBXNativeTarget "MoviesKuModular" */;
			buildPhases = (
				C6B7E3012E5B47F8003AF681 /* Sources */,
				C6B7E3022E5B47F8003AF681 /* Frameworks */,
				C6B7E3032E5B47F8003AF681 /* Resources */,
			);
			buildRules = (
			);
			dependencies = (
			);
			fileSystemSynchronizedGroups = (
				C6B7E3072E5B47F8003AF681 /* MoviesKuModular */,
			);
			name = MoviesKuModular;
			packageProductDependencies = (
				C6B7E3302E5B4818003AF681 /* SharedDomain */,
				C6B7E3332E5B484A003AF681 /* SharedData */,
				C6B7E3362E5B4959003AF681 /* SharedUI */,
				C6B7E3392E5B4977003AF681 /* FeatureFavorite */,
				C6B7E33C2E5B4A67003AF681 /* FeatureMovies */,
				C6B7E33F2E5B4BD5003AF681 /* FeatureOnboarding */,
				C6B7E3422E5B4CCE003AF681 /* FeatureSearch */,
				C6B7E35C2E5B4E69003AF681 /* FeatureTVShows */,
			);
			productName = MoviesKuModular;
			productReference = C6B7E3052E5B47F8003AF681 /* MoviesKuModular.app */;
			productType = "com.apple.product-type.application";
		};
		C6B7E3112E5B47F9003AF681 /* MoviesKuModularTests */ = {
			isa = PBXNativeTarget;
			buildConfigurationList = C6B7E3292E5B47F9003AF681 /* Build configuration list for PBXNativeTarget "MoviesKuModularTests" */;
			buildPhases = (
				C6B7E30E2E5B47F9003AF681 /* Sources */,
				C6B7E30F2E5B47F9003AF681 /* Frameworks */,
				C6B7E3102E5B47F9003AF681 /* Resources */,
			);
			buildRules = (
			);
			dependencies = (
				C6B7E3142E5B47F9003AF681 /* PBXTargetDependency */,
			);
			fileSystemSynchronizedGroups = (
				C6B7E3152E5B47F9003AF681 /* MoviesKuModularTests */,
			);
			name = MoviesKuModularTests;
			packageProductDependencies = (
			);
			productName = MoviesKuModularTests;
			productReference = C6B7E3122E5B47F9003AF681 /* MoviesKuModularTests.xctest */;
			productType = "com.apple.product-type.bundle.unit-test";
		};
		C6B7E31B2E5B47F9003AF681 /* MoviesKuModularUITests */ = {
			isa = PBXNativeTarget;
			buildConfigurationList = C6B7E32C2E5B47F9003AF681 /* Build configuration list for PBXNativeTarget "MoviesKuModularUITests" */;
			buildPhases = (
				C6B7E3182E5B47F9003AF681 /* Sources */,
				C6B7E3192E5B47F9003AF681 /* Frameworks */,
				C6B7E31A2E5B47F9003AF681 /* Resources */,
			);
			buildRules = (
			);
			dependencies = (
				C6B7E31E2E5B47F9003AF681 /* PBXTargetDependency */,
			);
			fileSystemSynchronizedGroups = (
				C6B7E31F2E5B47F9003AF681 /* MoviesKuModularUITests */,
			);
			name = MoviesKuModularUITests;
			packageProductDependencies = (
			);
			productName = MoviesKuModularUITests;
			productReference = C6B7E31C2E5B47F9003AF681 /* MoviesKuModularUITests.xctest */;
			productType = "com.apple.product-type.bundle.ui-testing";
		};
/* End PBXNativeTarget section */

/* Begin PBXProject section */
		C6B7E2FD2E5B47F8003AF681 /* Project object */ = {
			isa = PBXProject;
			attributes = {
				BuildIndependentTargetsInParallel = 1;
				LastSwiftUpdateCheck = 1640;
				LastUpgradeCheck = 1640;
				TargetAttributes = {
					C6B7E3042E5B47F8003AF681 = {
						CreatedOnToolsVersion = 16.4;
					};
					C6B7E3112E5B47F9003AF681 = {
						CreatedOnToolsVersion = 16.4;
						TestTargetID = C6B7E3042E5B47F8003AF681;
					};
					C6B7E31B2E5B47F9003AF681 = {
						CreatedOnToolsVersion = 16.4;
						TestTargetID = C6B7E3042E5B47F8003AF681;
					};
				};
			};
			buildConfigurationList = C6B7E3002E5B47F8003AF681 /* Build configuration list for PBXProject "MoviesKuModular" */;
			developmentRegion = en;
			hasScannedForEncodings = 0;
			knownRegions = (
				en,
				Base,
			);
			mainGroup = C6B7E2FC2E5B47F8003AF681;
			minimizedProjectReferenceProxies = 1;
			packageReferences = (
				C6B7E32F2E5B4818003AF681 /* XCRemoteSwiftPackageReference "Modularization-Domain-Module-IOS" */,
				C6B7E3322E5B484A003AF681 /* XCRemoteSwiftPackageReference "Modularization-Data-Module-IOS" */,
				C6B7E3352E5B4959003AF681 /* XCRemoteSwiftPackageReference "Modularization-UI-Module-IOS" */,
				C6B7E3382E5B4977003AF681 /* XCRemoteSwiftPackageReference "Modularization-Feature-Favorite-Module-IOS" */,
				C6B7E33B2E5B4A67003AF681 /* XCRemoteSwiftPackageReference "Modularization-Feature-Movies-Module-IOS" */,
				C6B7E33E2E5B4BD5003AF681 /* XCRemoteSwiftPackageReference "Modularization-Feature-OnBoarding-Module-IOS" */,
				C6B7E3412E5B4CCE003AF681 /* XCRemoteSwiftPackageReference "Modularization-Feature-Search-Module-IOS" */,
				C6B7E35B2E5B4E69003AF681 /* XCRemoteSwiftPackageReference "Modularization-Feature-TvShow-Module-IOS" */,
			);
			preferredProjectObjectVersion = 77;
			productRefGroup = C6B7E3062E5B47F8003AF681 /* Products */;
			projectDirPath = "";
			projectRoot = "";
			targets = (
				C6B7E3042E5B47F8003AF681 /* MoviesKuModular */,
				C6B7E3112E5B47F9003AF681 /* MoviesKuModularTests */,
				C6B7E31B2E5B47F9003AF681 /* MoviesKuModularUITests */,
			);
		};
/* End PBXProject section */

/* Begin PBXResourcesBuildPhase section */
		C6B7E3032E5B47F8003AF681 /* Resources */ = {
			isa = PBXResourcesBuildPhase;
			buildActionMask = 2147483647;
			files = (
			);
			runOnlyForDeploymentPostprocessing = 0;
		};
		C6B7E3102E5B47F9003AF681 /* Resources */ = {
			isa = PBXResourcesBuildPhase;
			buildActionMask = 2147483647;
			files = (
			);
			runOnlyForDeploymentPostprocessing = 0;
		};
		C6B7E31A2E5B47F9003AF681 /* Resources */ = {
			isa = PBXResourcesBuildPhase;
			buildActionMask = 2147483647;
			files = (
			);
			runOnlyForDeploymentPostprocessing = 0;
		};
/* End PBXResourcesBuildPhase section */

/* Begin PBXSourcesBuildPhase section */
		C6B7E3012E5B47F8003AF681 /* Sources */ = {
			isa = PBXSourcesBuildPhase;
			buildActionMask = 2147483647;
			files = (
			);
			runOnlyForDeploymentPostprocessing = 0;
		};
		C6B7E30E2E5B47F9003AF681 /* Sources */ = {
			isa = PBXSourcesBuildPhase;
			buildActionMask = 2147483647;
			files = (
			);
			runOnlyForDeploymentPostprocessing = 0;
		};
		C6B7E3182E5B47F9003AF681 /* Sources */ = {
			isa = PBXSourcesBuildPhase;
			buildActionMask = 2147483647;
			files = (
			);
			runOnlyForDeploymentPostprocessing = 0;
		};
/* End PBXSourcesBuildPhase section */

/* Begin PBXTargetDependency section */
		C6B7E3142E5B47F9003AF681 /* PBXTargetDependency */ = {
			isa = PBXTargetDependency;
			target = C6B7E3042E5B47F8003AF681 /* MoviesKuModular */;
			targetProxy = C6B7E3132E5B47F9003AF681 /* PBXContainerItemProxy */;
		};
		C6B7E31E2E5B47F9003AF681 /* PBXTargetDependency */ = {
			isa = PBXTargetDependency;
			target = C6B7E3042E5B47F8003AF681 /* MoviesKuModular */;
			targetProxy = C6B7E31D2E5B47F9003AF681 /* PBXContainerItemProxy */;
		};
/* End PBXTargetDependency section */

/* Begin XCBuildConfiguration section */
		C6B7E3242E5B47F9003AF681 /* Debug */ = {
			isa = XCBuildConfiguration;
			baseConfigurationReference = C6B7E35E2E5B4ECA003AF681 /* Config.xcconfig */;
			buildSettings = {
				ALWAYS_SEARCH_USER_PATHS = NO;
				ASSETCATALOG_COMPILER_GENERATE_SWIFT_ASSET_SYMBOL_EXTENSIONS = YES;
				CLANG_ANALYZER_NONNULL = YES;
				CLANG_ANALYZER_NUMBER_OBJECT_CONVERSION = YES_AGGRESSIVE;
				CLANG_CXX_LANGUAGE_STANDARD = "gnu++20";
				CLANG_ENABLE_MODULES = YES;
				CLANG_ENABLE_OBJC_ARC = YES;
				CLANG_ENABLE_OBJC_WEAK = YES;
				CLANG_WARN_BLOCK_CAPTURE_AUTORELEASING = YES;
				CLANG_WARN_BOOL_CONVERSION = YES;
				CLANG_WARN_COMMA = YES;
				CLANG_WARN_CONSTANT_CONVERSION = YES;
				CLANG_WARN_DEPRECATED_OBJC_IMPLEMENTATIONS = YES;
				CLANG_WARN_DIRECT_OBJC_ISA_USAGE = YES_ERROR;
				CLANG_WARN_DOCUMENTATION_COMMENTS = YES;
				CLANG_WARN_EMPTY_BODY = YES;
				CLANG_WARN_ENUM_CONVERSION = YES;
				CLANG_WARN_INFINITE_RECURSION = YES;
				CLANG_WARN_INT_CONVERSION = YES;
				CLANG_WARN_NON_LITERAL_NULL_CONVERSION = YES;
				CLANG_WARN_OBJC_IMPLICIT_RETAIN_SELF = YES;
				CLANG_WARN_OBJC_LITERAL_CONVERSION = YES;
				CLANG_WARN_OBJC_ROOT_CLASS = YES_ERROR;
				CLANG_WARN_QUOTED_INCLUDE_IN_FRAMEWORK_HEADER = YES;
				CLANG_WARN_RANGE_LOOP_ANALYSIS = YES;
				CLANG_WARN_STRICT_PROTOTYPES = YES;
				CLANG_WARN_SUSPICIOUS_MOVE = YES;
				CLANG_WARN_UNGUARDED_AVAILABILITY = YES_AGGRESSIVE;
				CLANG_WARN_UNREACHABLE_CODE = YES;
				CLANG_WARN__DUPLICATE_METHOD_MATCH = YES;
				COPY_PHASE_STRIP = NO;
				DEBUG_INFORMATION_FORMAT = dwarf;
				DEVELOPMENT_TEAM = 89KLQVQN8M;
				ENABLE_STRICT_OBJC_MSGSEND = YES;
				ENABLE_TESTABILITY = YES;
				ENABLE_USER_SCRIPT_SANDBOXING = YES;
				GCC_C_LANGUAGE_STANDARD = gnu17;
				GCC_DYNAMIC_NO_PIC = NO;
				GCC_NO_COMMON_BLOCKS = YES;
				GCC_OPTIMIZATION_LEVEL = 0;
				GCC_PREPROCESSOR_DEFINITIONS = (
					"DEBUG=1",
					"$(inherited)",
				);
				GCC_WARN_64_TO_32_BIT_CONVERSION = YES;
				GCC_WARN_ABOUT_RETURN_TYPE = YES_ERROR;
				GCC_WARN_UNDECLARED_SELECTOR = YES;
				GCC_WARN_UNINITIALIZED_AUTOS = YES_AGGRESSIVE;
				GCC_WARN_UNUSED_FUNCTION = YES;
				GCC_WARN_UNUSED_VARIABLE = YES;
				IPHONEOS_DEPLOYMENT_TARGET = 18.5;
				LOCALIZATION_PREFERS_STRING_CATALOGS = YES;
				MTL_ENABLE_DEBUG_INFO = INCLUDE_SOURCE;
				MTL_FAST_MATH = YES;
				ONLY_ACTIVE_ARCH = YES;
				SDKROOT = iphoneos;
				SWIFT_ACTIVE_COMPILATION_CONDITIONS = "DEBUG $(inherited)";
				SWIFT_OPTIMIZATION_LEVEL = "-Onone";
			};
			name = Debug;
		};
		C6B7E3252E5B47F9003AF681 /* Release */ = {
			isa = XCBuildConfiguration;
			baseConfigurationReference = C6B7E35E2E5B4ECA003AF681 /* Config.xcconfig */;
			buildSettings = {
				ALWAYS_SEARCH_USER_PATHS = NO;
				ASSETCATALOG_COMPILER_GENERATE_SWIFT_ASSET_SYMBOL_EXTENSIONS = YES;
				CLANG_ANALYZER_NONNULL = YES;
				CLANG_ANALYZER_NUMBER_OBJECT_CONVERSION = YES_AGGRESSIVE;
				CLANG_CXX_LANGUAGE_STANDARD = "gnu++20";
				CLANG_ENABLE_MODULES = YES;
				CLANG_ENABLE_OBJC_ARC = YES;
				CLANG_ENABLE_OBJC_WEAK = YES;
				CLANG_WARN_BLOCK_CAPTURE_AUTORELEASING = YES;
				CLANG_WARN_BOOL_CONVERSION = YES;
				CLANG_WARN_COMMA = YES;
				CLANG_WARN_CONSTANT_CONVERSION = YES;
				CLANG_WARN_DEPRECATED_OBJC_IMPLEMENTATIONS = YES;
				CLANG_WARN_DIRECT_OBJC_ISA_USAGE = YES_ERROR;
				CLANG_WARN_DOCUMENTATION_COMMENTS = YES;
				CLANG_WARN_EMPTY_BODY = YES;
				CLANG_WARN_ENUM_CONVERSION = YES;
				CLANG_WARN_INFINITE_RECURSION = YES;
				CLANG_WARN_INT_CONVERSION = YES;
				CLANG_WARN_NON_LITERAL_NULL_CONVERSION = YES;
				CLANG_WARN_OBJC_IMPLICIT_RETAIN_SELF = YES;
				CLANG_WARN_OBJC_LITERAL_CONVERSION = YES;
				CLANG_WARN_OBJC_ROOT_CLASS = YES_ERROR;
				CLANG_WARN_QUOTED_INCLUDE_IN_FRAMEWORK_HEADER = YES;
				CLANG_WARN_RANGE_LOOP_ANALYSIS = YES;
				CLANG_WARN_STRICT_PROTOTYPES = YES;
				CLANG_WARN_SUSPICIOUS_MOVE = YES;
				CLANG_WARN_UNGUARDED_AVAILABILITY = YES_AGGRESSIVE;
				CLANG_WARN_UNREACHABLE_CODE = YES;
				CLANG_WARN__DUPLICATE_METHOD_MATCH = YES;
				COPY_PHASE_STRIP = NO;
				DEBUG_INFORMATION_FORMAT = "dwarf-with-dsym";
				DEVELOPMENT_TEAM = 89KLQVQN8M;
				ENABLE_NS_ASSERTIONS = NO;
				ENABLE_STRICT_OBJC_MSGSEND = YES;
				ENABLE_USER_SCRIPT_SANDBOXING = YES;
				GCC_C_LANGUAGE_STANDARD = gnu17;
				GCC_NO_COMMON_BLOCKS = YES;
				GCC_WARN_64_TO_32_BIT_CONVERSION = YES;
				GCC_WARN_ABOUT_RETURN_TYPE = YES_ERROR;
				GCC_WARN_UNDECLARED_SELECTOR = YES;
				GCC_WARN_UNINITIALIZED_AUTOS = YES_AGGRESSIVE;
				GCC_WARN_UNUSED_FUNCTION = YES;
				GCC_WARN_UNUSED_VARIABLE = YES;
				IPHONEOS_DEPLOYMENT_TARGET = 18.5;
				LOCALIZATION_PREFERS_STRING_CATALOGS = YES;
				MTL_ENABLE_DEBUG_INFO = NO;
				MTL_FAST_MATH = YES;
				SDKROOT = iphoneos;
				SWIFT_COMPILATION_MODE = wholemodule;
				VALIDATE_PRODUCT = YES;
			};
			name = Release;
		};
		C6B7E3272E5B47F9003AF681 /* Debug */ = {
			isa = XCBuildConfiguration;
			buildSettings = {
				ASSETCATALOG_COMPILER_APPICON_NAME = AppIcon;
				ASSETCATALOG_COMPILER_GLOBAL_ACCENT_COLOR_NAME = AccentColor;
				CODE_SIGN_STYLE = Automatic;
				CURRENT_PROJECT_VERSION = 1;
				DEVELOPMENT_TEAM = 89KLQVQN8M;
				ENABLE_PREVIEWS = YES;
				GENERATE_INFOPLIST_FILE = YES;
				INFOPLIST_FILE = MoviesKuModular/Info.plist;
				INFOPLIST_KEY_UIApplicationSceneManifest_Generation = YES;
				INFOPLIST_KEY_UIApplicationSupportsIndirectInputEvents = YES;
				INFOPLIST_KEY_UILaunchScreen_Generation = YES;
				INFOPLIST_KEY_UISupportedInterfaceOrientations_iPad = "UIInterfaceOrientationPortrait UIInterfaceOrientationPortraitUpsideDown UIInterfaceOrientationLandscapeLeft UIInterfaceOrientationLandscapeRight";
				INFOPLIST_KEY_UISupportedInterfaceOrientations_iPhone = "UIInterfaceOrientationPortrait UIInterfaceOrientationLandscapeLeft UIInterfaceOrientationLandscapeRight";
				LD_RUNPATH_SEARCH_PATHS = (
					"$(inherited)",
					"@executable_path/Frameworks",
				);
				MARKETING_VERSION = 1.0;
				PRODUCT_BUNDLE_IDENTIFIER = com.zeekands.MoviesKuModular;
				PRODUCT_NAME = "$(TARGET_NAME)";
				SWIFT_EMIT_LOC_STRINGS = YES;
				SWIFT_VERSION = 5.0;
				TARGETED_DEVICE_FAMILY = "1,2";
			};
			name = Debug;
		};
		C6B7E3282E5B47F9003AF681 /* Release */ = {
			isa = XCBuildConfiguration;
			buildSettings = {
				ASSETCATALOG_COMPILER_APPICON_NAME = AppIcon;
				ASSETCATALOG_COMPILER_GLOBAL_ACCENT_COLOR_NAME = AccentColor;
				CODE_SIGN_STYLE = Automatic;
				CURRENT_PROJECT_VERSION = 1;
				DEVELOPMENT_TEAM = 89KLQVQN8M;
				ENABLE_PREVIEWS = YES;
				GENERATE_INFOPLIST_FILE = YES;
				INFOPLIST_FILE = MoviesKuModular/Info.plist;
				INFOPLIST_KEY_UIApplicationSceneManifest_Generation = YES;
				INFOPLIST_KEY_UIApplicationSupportsIndirectInputEvents = YES;
				INFOPLIST_KEY_UILaunchScreen_Generation = YES;
				INFOPLIST_KEY_UISupportedInterfaceOrientations_iPad = "UIInterfaceOrientationPortrait UIInterfaceOrientationPortraitUpsideDown UIInterfaceOrientationLandscapeLeft UIInterfaceOrientationLandscapeRight";
				INFOPLIST_KEY_UISupportedInterfaceOrientations_iPhone = "UIInterfaceOrientationPortrait UIInterfaceOrientationLandscapeLeft UIInterfaceOrientationLandscapeRight";
				LD_RUNPATH_SEARCH_PATHS = (
					"$(inherited)",
					"@executable_path/Frameworks",
				);
				MARKETING_VERSION = 1.0;
				PRODUCT_BUNDLE_IDENTIFIER = com.zeekands.MoviesKuModular;
				PRODUCT_NAME = "$(TARGET_NAME)";
				SWIFT_EMIT_LOC_STRINGS = YES;
				SWIFT_VERSION = 5.0;
				TARGETED_DEVICE_FAMILY = "1,2";
			};
			name = Release;
		};
		C6B7E32A2E5B47F9003AF681 /* Debug */ = {
			isa = XCBuildConfiguration;
			buildSettings = {
				BUNDLE_LOADER = "$(TEST_HOST)";
				CODE_SIGN_STYLE = Automatic;
				CURRENT_PROJECT_VERSION = 1;
				DEVELOPMENT_TEAM = 89KLQVQN8M;
				GENERATE_INFOPLIST_FILE = YES;
				IPHONEOS_DEPLOYMENT_TARGET = 18.5;
				MARKETING_VERSION = 1.0;
				PRODUCT_BUNDLE_IDENTIFIER = com.zeekands.MoviesKuModularTests;
				PRODUCT_NAME = "$(TARGET_NAME)";
				SWIFT_EMIT_LOC_STRINGS = NO;
				SWIFT_VERSION = 5.0;
				TARGETED_DEVICE_FAMILY = "1,2";
				TEST_HOST = "$(BUILT_PRODUCTS_DIR)/MoviesKuModular.app/$(BUNDLE_EXECUTABLE_FOLDER_PATH)/MoviesKuModular";
			};
			name = Debug;
		};
		C6B7E32B2E5B47F9003AF681 /* Release */ = {
			isa = XCBuildConfiguration;
			buildSettings = {
				BUNDLE_LOADER = "$(TEST_HOST)";
				CODE_SIGN_STYLE = Automatic;
				CURRENT_PROJECT_VERSION = 1;
				DEVELOPMENT_TEAM = 89KLQVQN8M;
				GENERATE_INFOPLIST_FILE = YES;
				IPHONEOS_DEPLOYMENT_TARGET = 18.5;
				MARKETING_VERSION = 1.0;
				PRODUCT_BUNDLE_IDENTIFIER = com.zeekands.MoviesKuModularTests;
				PRODUCT_NAME = "$(TARGET_NAME)";
				SWIFT_EMIT_LOC_STRINGS = NO;
				SWIFT_VERSION = 5.0;
				TARGETED_DEVICE_FAMILY = "1,2";
				TEST_HOST = "$(BUILT_PRODUCTS_DIR)/MoviesKuModular.app/$(BUNDLE_EXECUTABLE_FOLDER_PATH)/MoviesKuModular";
			};
			name = Release;
		};
		C6B7E32D2E5B47F9003AF681 /* Debug */ = {
			isa = XCBuildConfiguration;
			buildSettings = {
				CODE_SIGN_STYLE = Automatic;
				CURRENT_PROJECT_VERSION = 1;
				DEVELOPMENT_TEAM = 89KLQVQN8M;
				GENERATE_INFOPLIST_FILE = YES;
				MARKETING_VERSION = 1.0;
				PRODUCT_BUNDLE_IDENTIFIER = com.zeekands.MoviesKuModularUITests;
				PRODUCT_NAME = "$(TARGET_NAME)";
				SWIFT_EMIT_LOC_STRINGS = NO;
				SWIFT_VERSION = 5.0;
				TARGETED_DEVICE_FAMILY = "1,2";
				TEST_TARGET_NAME = MoviesKuModular;
			};
			name = Debug;
		};
		C6B7E32E2E5B47F9003AF681 /* Release */ = {
			isa = XCBuildConfiguration;
			buildSettings = {
				CODE_SIGN_STYLE = Automatic;
				CURRENT_PROJECT_VERSION = 1;
				DEVELOPMENT_TEAM = 89KLQVQN8M;
				GENERATE_INFOPLIST_FILE = YES;
				MARKETING_VERSION = 1.0;
				PRODUCT_BUNDLE_IDENTIFIER = com.zeekands.MoviesKuModularUITests;
				PRODUCT_NAME = "$(TARGET_NAME)";
				SWIFT_EMIT_LOC_STRINGS = NO;
				SWIFT_VERSION = 5.0;
				TARGETED_DEVICE_FAMILY = "1,2";
				TEST_TARGET_NAME = MoviesKuModular;
			};
			name = Release;
		};
/* End XCBuildConfiguration section */

/* Begin XCConfigurationList section */
		C6B7E3002E5B47F8003AF681 /* Build configuration list for PBXProject "MoviesKuModular" */ = {
			isa = XCConfigurationList;
			buildConfigurations = (
				C6B7E3242E5B47F9003AF681 /* Debug */,
				C6B7E3252E5B47F9003AF681 /* Release */,
			);
			defaultConfigurationIsVisible = 0;
			defaultConfigurationName = Release;
		};
		C6B7E3262E5B47F9003AF681 /* Build configuration list for PBXNativeTarget "MoviesKuModular" */ = {
			isa = XCConfigurationList;
			buildConfigurations = (
				C6B7E3272E5B47F9003AF681 /* Debug */,
				C6B7E3282E5B47F9003AF681 /* Release */,
			);
			defaultConfigurationIsVisible = 0;
			defaultConfigurationName = Release;
		};
		C6B7E3292E5B47F9003AF681 /* Build configuration list for PBXNativeTarget "MoviesKuModularTests" */ = {
			isa = XCConfigurationList;
			buildConfigurations = (
				C6B7E32A2E5B47F9003AF681 /* Debug */,
				C6B7E32B2E5B47F9003AF681 /* Release */,
			);
			defaultConfigurationIsVisible = 0;
			defaultConfigurationName = Release;
		};
		C6B7E32C2E5B47F9003AF681 /* Build configuration list for PBXNativeTarget "MoviesKuModularUITests" */ = {
			isa = XCConfigurationList;
			buildConfigurations = (
				C6B7E32D2E5B47F9003AF681 /* Debug */,
				C6B7E32E2E5B47F9003AF681 /* Release */,
			);
			defaultConfigurationIsVisible = 0;
			defaultConfigurationName = Release;
		};
/* End XCConfigurationList section */

/* Begin XCRemoteSwiftPackageReference section */
		C6B7E32F2E5B4818003AF681 /* XCRemoteSwiftPackageReference "Modularization-Domain-Module-IOS" */ = {
			isa = XCRemoteSwiftPackageReference;
			repositoryURL = "https://github.com/zeekands/Modularization-Domain-Module-IOS";
			requirement = {
				kind = upToNextMajorVersion;
				minimumVersion = 1.0.0;
			};
		};
		C6B7E3322E5B484A003AF681 /* XCRemoteSwiftPackageReference "Modularization-Data-Module-IOS" */ = {
			isa = XCRemoteSwiftPackageReference;
			repositoryURL = "https://github.com/zeekands/Modularization-Data-Module-IOS";
			requirement = {
				branch = main;
				kind = branch;
			};
		};
		C6B7E3352E5B4959003AF681 /* XCRemoteSwiftPackageReference "Modularization-UI-Module-IOS" */ = {
			isa = XCRemoteSwiftPackageReference;
			repositoryURL = "https://github.com/zeekands/Modularization-UI-Module-IOS";
			requirement = {
				branch = main;
				kind = branch;
			};
		};
		C6B7E3382E5B4977003AF681 /* XCRemoteSwiftPackageReference "Modularization-Feature-Favorite-Module-IOS" */ = {
			isa = XCRemoteSwiftPackageReference;
			repositoryURL = "https://github.com/zeekands/Modularization-Feature-Favorite-Module-IOS";
			requirement = {
				branch = main;
				kind = branch;
			};
		};
		C6B7E33B2E5B4A67003AF681 /* XCRemoteSwiftPackageReference "Modularization-Feature-Movies-Module-IOS" */ = {
			isa = XCRemoteSwiftPackageReference;
			repositoryURL = "https://github.com/zeekands/Modularization-Feature-Movies-Module-IOS";
			requirement = {
				branch = main;
				kind = branch;
			};
		};
		C6B7E33E2E5B4BD5003AF681 /* XCRemoteSwiftPackageReference "Modularization-Feature-OnBoarding-Module-IOS" */ = {
			isa = XCRemoteSwiftPackageReference;
			repositoryURL = "https://github.com/zeekands/Modularization-Feature-OnBoarding-Module-IOS";
			requirement = {
				branch = main;
				kind = branch;
			};
		};
		C6B7E3412E5B4CCE003AF681 /* XCRemoteSwiftPackageReference "Modularization-Feature-Search-Module-IOS" */ = {
			isa = XCRemoteSwiftPackageReference;
			repositoryURL = "https://github.com/zeekands/Modularization-Feature-Search-Module-IOS";
			requirement = {
				branch = main;
				kind = branch;
			};
		};
		C6B7E35B2E5B4E69003AF681 /* XCRemoteSwiftPackageReference "Modularization-Feature-TvShow-Module-IOS" */ = {
			isa = XCRemoteSwiftPackageReference;
			repositoryURL = "https://github.com/zeekands/Modularization-Feature-TvShow-Module-IOS";
			requirement = {
				branch = main;
				kind = branch;
			};
		};
/* End XCRemoteSwiftPackageReference section */

/* Begin XCSwiftPackageProductDependency section */
		C6B7E3302E5B4818003AF681 /* SharedDomain */ = {
			isa = XCSwiftPackageProductDependency;
			package = C6B7E32F2E5B4818003AF681 /* XCRemoteSwiftPackageReference "Modularization-Domain-Module-IOS" */;
			productName = SharedDomain;
		};
		C6B7E3332E5B484A003AF681 /* SharedData */ = {
			isa = XCSwiftPackageProductDependency;
			package = C6B7E3322E5B484A003AF681 /* XCRemoteSwiftPackageReference "Modularization-Data-Module-IOS" */;
			productName = SharedData;
		};
		C6B7E3362E5B4959003AF681 /* SharedUI */ = {
			isa = XCSwiftPackageProductDependency;
			package = C6B7E3352E5B4959003AF681 /* XCRemoteSwiftPackageReference "Modularization-UI-Module-IOS" */;
			productName = SharedUI;
		};
		C6B7E3392E5B4977003AF681 /* FeatureFavorite */ = {
			isa = XCSwiftPackageProductDependency;
			package = C6B7E3382E5B4977003AF681 /* XCRemoteSwiftPackageReference "Modularization-Feature-Favorite-Module-IOS" */;
			productName = FeatureFavorite;
		};
		C6B7E33C2E5B4A67003AF681 /* FeatureMovies */ = {
			isa = XCSwiftPackageProductDependency;
			package = C6B7E33B2E5B4A67003AF681 /* XCRemoteSwiftPackageReference "Modularization-Feature-Movies-Module-IOS" */;
			productName = FeatureMovies;
		};
		C6B7E33F2E5B4BD5003AF681 /* FeatureOnboarding */ = {
			isa = XCSwiftPackageProductDependency;
			package = C6B7E33E2E5B4BD5003AF681 /* XCRemoteSwiftPackageReference "Modularization-Feature-OnBoarding-Module-IOS" */;
			productName = FeatureOnboarding;
		};
		C6B7E3422E5B4CCE003AF681 /* FeatureSearch */ = {
			isa = XCSwiftPackageProductDependency;
			package = C6B7E3412E5B4CCE003AF681 /* XCRemoteSwiftPackageReference "Modularization-Feature-Search-Module-IOS" */;
			productName = FeatureSearch;
		};
		C6B7E35C2E5B4E69003AF681 /* FeatureTVShows */ = {
			isa = XCSwiftPackageProductDependency;
			package = C6B7E35B2E5B4E69003AF681 /* XCRemoteSwiftPackageReference "Modularization-Feature-TvShow-Module-IOS" */;
			productName = FeatureTVShows;
		};
/* End XCSwiftPackageProductDependency section */
	};
	rootObject = C6B7E2FD2E5B47F8003AF681 /* Project object */;
}
